
Microsoft Visual Studio Solution File, Format Version 12.00
# Visual Studio 15
VisualStudioVersion = 15.0.26730.15
MinimumVisualStudioVersion = 10.0.40219.1
Project("{FAE04EC0-301F-11D3-BF4B-00C04F79EFBC}") = "WindowsService1", "WindowsService1\WindowsService1.csproj", "{0881FBF2-D0A1-47B4-B208-086BC129E78E}"
EndProject
Global
	GlobalSection(SolutionConfigurationPlatforms) = preSolution
		Debug|Any CPU = Debug|Any CPU
		Release|Any CPU = Release|Any CPU
	EndGlobalSection
	GlobalSection(ProjectConfigurationPlatforms) = postSolution
		{0881FBF2-D0A1-47B4-B208-086BC129E78E}.Debug|Any CPU.ActiveCfg = Debug|Any CPU
		{0881FBF2-D0A1-47B4-B208-086BC129E78E}.Debug|Any CPU.Build.0 = Debug|Any CPU
		{0881FBF2-D0A1-47B4-B208-086BC129E78E}.Release|Any CPU.ActiveCfg = Release|Any CPU
		{0881FBF2-D0A1-47B4-B208-086BC129E78E}.Release|Any CPU.Build.0 = Release|Any CPU
	EndGlobalSection
	GlobalSection(SolutionProperties) = preSolution
		HideSolutionNode = FALSE
	EndGlobalSection
	GlobalSection(ExtensibilityGlobals) = postSolution
		SolutionGuid = {A8A39EC5-8DAE-4090-AF8E-428CF9ECB1F1}
	EndGlobalSection
EndGlobal
